{
  "name": "lan-drop-zero",
  "version": "0.1.0",
  "lockfileVersion": 3,
  "requires": true,
  "packages": {
    "": {
      "name": "lan-drop-zero",
      "version": "0.1.0",
      "license": "MIT",
      "bin": {
        "lan-drop-zero": "bin/lan-drop-zero.js"
      },
      "engines": {
        "node": ">=20"
      }
    }
  }
}
